// !$*UTF8*$!
{
	archiveVersion = 1;
	classes = {
	};
	objectVersion = 55;
	objects = {

/* Begin PBXBuildFile section */
		086EF79E27BAB0F20089A108 /* gmFSApp.swift in Sources */ = {isa = PBXBuildFile; fileRef = 086EF79D27BAB0F20089A108 /* gmFSApp.swift */; };
		086EF7A027BAB0F20089A108 /* ContentView.swift in Sources */ = {isa = PBXBuildFile; fileRef = 086EF79F27BAB0F20089A108 /* ContentView.swift */; };
		086EF7A227BAB0F40089A108 /* Assets.xcassets in Resources */ = {isa = PBXBuildFile; fileRef = 086EF7A127BAB0F40089A108 /* Assets.xcassets */; };
		086EF7A527BAB0F40089A108 /* Preview Assets.xcassets in Resources */ = {isa = PBXBuildFile; fileRef = 086EF7A427BAB0F40089A108 /* Preview Assets.xcassets */; };
		086EF7AF27BAB0F40089A108 /* gmFSTests.swift in Sources */ = {isa = PBXBuildFile; fileRef = 086EF7AE27BAB0F40089A108 /* gmFSTests.swift */; };
		086EF7B927BAB0F40089A108 /* gmFSUITests.swift in Sources */ = {isa = PBXBuildFile; fileRef = 086EF7B827BAB0F40089A108 /* gmFSUITests.swift */; };
		086EF7BB27BAB0F40089A108 /* gmFSUITestsLaunchTests.swift in Sources */ = {isa = PBXBuildFile; fileRef = 086EF7BA27BAB0F40089A108 /* gmFSUITestsLaunchTests.swift */; };
		086EF7C927BAB1E30089A108 /* Connector.swift in Sources */ = {isa = PBXBuildFile; fileRef = 086EF7C827BAB1E30089A108 /* Connector.swift */; };
		086EF7CD27BAB4C60089A108 /* NetworkExtension.framework in Frameworks */ = {isa = PBXBuildFile; fileRef = 086EF7CC27BAB4C60089A108 /* NetworkExtension.framework */; };
		0878259227BC0257008BD120 /* libssl.a in Frameworks */ = {isa = PBXBuildFile; fileRef = 0878259027BC0257008BD120 /* libssl.a */; };
		0878259327BC0257008BD120 /* libcrypto.a in Frameworks */ = {isa = PBXBuildFile; fileRef = 0878259127BC0257008BD120 /* libcrypto.a */; };
		0878259627BC0448008BD120 /* include in Resources */ = {isa = PBXBuildFile; fileRef = 0878259527BC0448008BD120 /* include */; };
		2BD243AA27BCB7DF004D8955 /* sm2test.c in Sources */ = {isa = PBXBuildFile; fileRef = 2BD243A627BCB7DE004D8955 /* sm2test.c */; };
		2BD243AB27BCB7DF004D8955 /* sm9test.c in Sources */ = {isa = PBXBuildFile; fileRef = 2BD243A727BCB7DF004D8955 /* sm9test.c */; };
		2BD243AC27BCB7DF004D8955 /* sm3test.c in Sources */ = {isa = PBXBuildFile; fileRef = 2BD243A827BCB7DF004D8955 /* sm3test.c */; };
		2BD243AD27BCB7DF004D8955 /* zuctest.c in Sources */ = {isa = PBXBuildFile; fileRef = 2BD243A927BCB7DF004D8955 /* zuctest.c */; };
		2BF365B527BCC24D00D8EAEB /* GmSSLTests.m in Sources */ = {isa = PBXBuildFile; fileRef = 2BF365B427BCC24D00D8EAEB /* GmSSLTests.m */; };
		2BF365B827BCC3DB00D8EAEB /* gmFSTests-Bridging-Header.m in Sources */ = {isa = PBXBuildFile; fileRef = 2BF365B727BCC3DB00D8EAEB /* gmFSTests-Bridging-Header.m */; };
/* End PBXBuildFile section */

/* Begin PBXContainerItemProxy section */
		086EF7AB27BAB0F40089A108 /* PBXContainerItemProxy */ = {
			isa = PBXContainerItemProxy;
			containerPortal = 086EF79227BAB0F20089A108 /* Project object */;
			proxyType = 1;
			remoteGlobalIDString = 086EF79927BAB0F20089A108;
			remoteInfo = gmFS;
		};
		086EF7B527BAB0F40089A108 /* PBXContainerItemProxy */ = {
			isa = PBXContainerItemProxy;
			containerPortal = 086EF79227BAB0F20089A108 /* Project object */;
			proxyType = 1;
			remoteGlobalIDString = 086EF79927BAB0F20089A108;
			remoteInfo = gmFS;
		};
/* End PBXContainerItemProxy section */

/* Begin PBXFileReference section */
		086EF79A27BAB0F20089A108 /* gmFS.app */ = {isa = PBXFileReference; explicitFileType = wrapper.application; includeInIndex = 0; path = gmFS.app; sourceTree = BUILT_PRODUCTS_DIR; };
		086EF79D27BAB0F20089A108 /* gmFSApp.swift */ = {isa = PBXFileReference; lastKnownFileType = sourcecode.swift; path = gmFSApp.swift; sourceTree = "<group>"; };
		086EF79F27BAB0F20089A108 /* ContentView.swift */ = {isa = PBXFileReference; lastKnownFileType = sourcecode.swift; path = ContentView.swift; sourceTree = "<group>"; };
		086EF7A127BAB0F40089A108 /* Assets.xcassets */ = {isa = PBXFileReference; lastKnownFileType = folder.assetcatalog; path = Assets.xcassets; sourceTree = "<group>"; };
		086EF7A427BAB0F40089A108 /* Preview Assets.xcassets */ = {isa = PBXFileReference; lastKnownFileType = folder.assetcatalog; path = "Preview Assets.xcassets"; sourceTree = "<group>"; };
		086EF7AA27BAB0F40089A108 /* gmFSTests.xctest */ = {isa = PBXFileReference; explicitFileType = wrapper.cfbundle; includeInIndex = 0; path = gmFSTests.xctest; sourceTree = BUILT_PRODUCTS_DIR; };
		086EF7AE27BAB0F40089A108 /* gmFSTests.swift */ = {isa = PBXFileReference; lastKnownFileType = sourcecode.swift; path = gmFSTests.swift; sourceTree = "<group>"; };
		086EF7B427BAB0F40089A108 /* gmFSUITests.xctest */ = {isa = PBXFileReference; explicitFileType = wrapper.cfbundle; includeInIndex = 0; path = gmFSUITests.xctest; sourceTree = BUILT_PRODUCTS_DIR; };
		086EF7B827BAB0F40089A108 /* gmFSUITests.swift */ = {isa = PBXFileReference; lastKnownFileType = sourcecode.swift; path = gmFSUITests.swift; sourceTree = "<group>"; };
		086EF7BA27BAB0F40089A108 /* gmFSUITestsLaunchTests.swift */ = {isa = PBXFileReference; lastKnownFileType = sourcecode.swift; path = gmFSUITestsLaunchTests.swift; sourceTree = "<group>"; };
		086EF7C827BAB1E30089A108 /* Connector.swift */ = {isa = PBXFileReference; lastKnownFileType = sourcecode.swift; path = Connector.swift; sourceTree = "<group>"; };
		086EF7CA27BAB4C60089A108 /* gmFS.entitlements */ = {isa = PBXFileReference; lastKnownFileType = text.plist.entitlements; path = gmFS.entitlements; sourceTree = "<group>"; };
		086EF7CC27BAB4C60089A108 /* NetworkExtension.framework */ = {isa = PBXFileReference; lastKnownFileType = wrapper.framework; name = NetworkExtension.framework; path = System/Library/Frameworks/NetworkExtension.framework; sourceTree = SDKROOT; };
		0878259027BC0257008BD120 /* libssl.a */ = {isa = PBXFileReference; lastKnownFileType = archive.ar; path = libssl.a; sourceTree = "<group>"; };
		0878259127BC0257008BD120 /* libcrypto.a */ = {isa = PBXFileReference; lastKnownFileType = archive.ar; path = libcrypto.a; sourceTree = "<group>"; };
		0878259527BC0448008BD120 /* include */ = {isa = PBXFileReference; lastKnownFileType = folder; path = include; sourceTree = "<group>"; };
		2BD243A627BCB7DE004D8955 /* sm2test.c */ = {isa = PBXFileReference; fileEncoding = 4; lastKnownFileType = sourcecode.c.c; path = sm2test.c; sourceTree = "<group>"; };
		2BD243A727BCB7DF004D8955 /* sm9test.c */ = {isa = PBXFileReference; fileEncoding = 4; lastKnownFileType = sourcecode.c.c; path = sm9test.c; sourceTree = "<group>"; };
		2BD243A827BCB7DF004D8955 /* sm3test.c */ = {isa = PBXFileReference; fileEncoding = 4; lastKnownFileType = sourcecode.c.c; path = sm3test.c; sourceTree = "<group>"; };
		2BD243A927BCB7DF004D8955 /* zuctest.c */ = {isa = PBXFileReference; fileEncoding = 4; lastKnownFileType = sourcecode.c.c; path = zuctest.c; sourceTree = "<group>"; };
		2BD243AE27BCB804004D8955 /* e_os.h */ = {isa = PBXFileReference; fileEncoding = 4; lastKnownFileType = sourcecode.c.h; path = e_os.h; sourceTree = "<group>"; };
		2BD243AF27BCB834004D8955 /* gmssltest.h */ = {isa = PBXFileReference; lastKnownFileType = sourcecode.c.h; path = gmssltest.h; sourceTree = "<group>"; };
		2BF365B427BCC24D00D8EAEB /* GmSSLTests.m */ = {isa = PBXFileReference; lastKnownFileType = sourcecode.c.objc; path = GmSSLTests.m; sourceTree = "<group>"; };
		2BF365B627BCC3DB00D8EAEB /* gmFSTests-Bridging-Header.h */ = {isa = PBXFileReference; lastKnownFileType = sourcecode.c.h; path = "gmFSTests-Bridging-Header.h"; sourceTree = "<group>"; };
		2BF365B727BCC3DB00D8EAEB /* gmFSTests-Bridging-Header.m */ = {isa = PBXFileReference; lastKnownFileType = sourcecode.c.objc; path = "gmFSTests-Bridging-Header.m"; sourceTree = "<group>"; };
/* End PBXFileReference section */

/* Begin PBXFrameworksBuildPhase section */
		086EF79727BAB0F20089A108 /* Frameworks */ = {
			isa = PBXFrameworksBuildPhase;
			buildActionMask = 2147483647;
			files = (
				0878259227BC0257008BD120 /* libssl.a in Frameworks */,
				086EF7CD27BAB4C60089A108 /* NetworkExtension.framework in Frameworks */,
				0878259327BC0257008BD120 /* libcrypto.a in Frameworks */,
			);
			runOnlyForDeploymentPostprocessing = 0;
		};
		086EF7A727BAB0F40089A108 /* Frameworks */ = {
			isa = PBXFrameworksBuildPhase;
			buildActionMask = 2147483647;
			files = (
			);
			runOnlyForDeploymentPostprocessing = 0;
		};
		086EF7B127BAB0F40089A108 /* Frameworks */ = {
			isa = PBXFrameworksBuildPhase;
			buildActionMask = 2147483647;
			files = (
			);
			runOnlyForDeploymentPostprocessing = 0;
		};
/* End PBXFrameworksBuildPhase section */

/* Begin PBXGroup section */
		086EF79127BAB0F20089A108 = {
			isa = PBXGroup;
			children = (
				086EF79C27BAB0F20089A108 /* gmFS */,
				086EF7AD27BAB0F40089A108 /* gmFSTests */,
				086EF7B727BAB0F40089A108 /* gmFSUITests */,
				086EF79B27BAB0F20089A108 /* Products */,
				086EF7CB27BAB4C60089A108 /* Frameworks */,
			);
			sourceTree = "<group>";
		};
		086EF79B27BAB0F20089A108 /* Products */ = {
			isa = PBXGroup;
			children = (
				086EF79A27BAB0F20089A108 /* gmFS.app */,
				086EF7AA27BAB0F40089A108 /* gmFSTests.xctest */,
				086EF7B427BAB0F40089A108 /* gmFSUITests.xctest */,
			);
			name = Products;
			sourceTree = "<group>";
		};
		086EF79C27BAB0F20089A108 /* gmFS */ = {
			isa = PBXGroup;
			children = (
				0878259427BC040C008BD120 /* GmSSL */,
				086EF7CA27BAB4C60089A108 /* gmFS.entitlements */,
				086EF7C727BAB1970089A108 /* WIFI */,
				086EF79D27BAB0F20089A108 /* gmFSApp.swift */,
				086EF79F27BAB0F20089A108 /* ContentView.swift */,
				086EF7A127BAB0F40089A108 /* Assets.xcassets */,
				086EF7A327BAB0F40089A108 /* Preview Content */,
			);
			path = gmFS;
			sourceTree = "<group>";
		};
		086EF7A327BAB0F40089A108 /* Preview Content */ = {
			isa = PBXGroup;
			children = (
				086EF7A427BAB0F40089A108 /* Preview Assets.xcassets */,
			);
			path = "Preview Content";
			sourceTree = "<group>";
		};
		086EF7AD27BAB0F40089A108 /* gmFSTests */ = {
			isa = PBXGroup;
			children = (
				2BD243AE27BCB804004D8955 /* e_os.h */,
				08FC223427BC871D000A0500 /* GmSSLTest */,
				086EF7AE27BAB0F40089A108 /* gmFSTests.swift */,
				2BF365B627BCC3DB00D8EAEB /* gmFSTests-Bridging-Header.h */,
				2BF365B727BCC3DB00D8EAEB /* gmFSTests-Bridging-Header.m */,
			);
			path = gmFSTests;
			sourceTree = "<group>";
		};
		086EF7B727BAB0F40089A108 /* gmFSUITests */ = {
			isa = PBXGroup;
			children = (
				086EF7B827BAB0F40089A108 /* gmFSUITests.swift */,
				086EF7BA27BAB0F40089A108 /* gmFSUITestsLaunchTests.swift */,
			);
			path = gmFSUITests;
			sourceTree = "<group>";
		};
		086EF7C727BAB1970089A108 /* WIFI */ = {
			isa = PBXGroup;
			children = (
				086EF7C827BAB1E30089A108 /* Connector.swift */,
			);
			path = WIFI;
			sourceTree = "<group>";
		};
		086EF7CB27BAB4C60089A108 /* Frameworks */ = {
			isa = PBXGroup;
			children = (
				086EF7CC27BAB4C60089A108 /* NetworkExtension.framework */,
			);
			name = Frameworks;
			sourceTree = "<group>";
		};
		0878259427BC040C008BD120 /* GmSSL */ = {
			isa = PBXGroup;
			children = (
				0878259527BC0448008BD120 /* include */,
				0878259127BC0257008BD120 /* libcrypto.a */,
				0878259027BC0257008BD120 /* libssl.a */,
			);
			path = GmSSL;
			sourceTree = "<group>";
		};
		08FC223427BC871D000A0500 /* GmSSLTest */ = {
			isa = PBXGroup;
			children = (
				2BD243A627BCB7DE004D8955 /* sm2test.c */,
				2BD243A827BCB7DF004D8955 /* sm3test.c */,
				2BD243A727BCB7DF004D8955 /* sm9test.c */,
				2BD243A927BCB7DF004D8955 /* zuctest.c */,
				2BD243AF27BCB834004D8955 /* gmssltest.h */,
				2BF365B427BCC24D00D8EAEB /* GmSSLTests.m */,
			);
			path = GmSSLTest;
			sourceTree = "<group>";
		};
/* End PBXGroup section */

/* Begin PBXNativeTarget section */
		086EF79927BAB0F20089A108 /* gmFS */ = {
			isa = PBXNativeTarget;
			buildConfigurationList = 086EF7BE27BAB0F40089A108 /* Build configuration list for PBXNativeTarget "gmFS" */;
			buildPhases = (
				086EF79627BAB0F20089A108 /* Sources */,
				086EF79727BAB0F20089A108 /* Frameworks */,
				086EF79827BAB0F20089A108 /* Resources */,
			);
			buildRules = (
			);
			dependencies = (
			);
			name = gmFS;
			productName = gmFS;
			productReference = 086EF79A27BAB0F20089A108 /* gmFS.app */;
			productType = "com.apple.product-type.application";
		};
		086EF7A927BAB0F40089A108 /* gmFSTests */ = {
			isa = PBXNativeTarget;
			buildConfigurationList = 086EF7C127BAB0F40089A108 /* Build configuration list for PBXNativeTarget "gmFSTests" */;
			buildPhases = (
				086EF7A627BAB0F40089A108 /* Sources */,
				086EF7A727BAB0F40089A108 /* Frameworks */,
				086EF7A827BAB0F40089A108 /* Resources */,
			);
			buildRules = (
			);
			dependencies = (
				086EF7AC27BAB0F40089A108 /* PBXTargetDependency */,
			);
			name = gmFSTests;
			productName = gmFSTests;
			productReference = 086EF7AA27BAB0F40089A108 /* gmFSTests.xctest */;
			productType = "com.apple.product-type.bundle.unit-test";
		};
		086EF7B327BAB0F40089A108 /* gmFSUITests */ = {
			isa = PBXNativeTarget;
			buildConfigurationList = 086EF7C427BAB0F40089A108 /* Build configuration list for PBXNativeTarget "gmFSUITests" */;
			buildPhases = (
				086EF7B027BAB0F40089A108 /* Sources */,
				086EF7B127BAB0F40089A108 /* Frameworks */,
				086EF7B227BAB0F40089A108 /* Resources */,
			);
			buildRules = (
			);
			dependencies = (
				086EF7B627BAB0F40089A108 /* PBXTargetDependency */,
			);
			name = gmFSUITests;
			productName = gmFSUITests;
			productReference = 086EF7B427BAB0F40089A108 /* gmFSUITests.xctest */;
			productType = "com.apple.product-type.bundle.ui-testing";
		};
/* End PBXNativeTarget section */

/* Begin PBXProject section */
		086EF79227BAB0F20089A108 /* Project object */ = {
			isa = PBXProject;
			attributes = {
				BuildIndependentTargetsInParallel = 1;
				LastSwiftUpdateCheck = 1320;
				LastUpgradeCheck = 1320;
				TargetAttributes = {
					086EF79927BAB0F20089A108 = {
						CreatedOnToolsVersion = 13.2.1;
						LastSwiftMigration = 1320;
					};
					086EF7A927BAB0F40089A108 = {
						CreatedOnToolsVersion = 13.2.1;
						LastSwiftMigration = 1320;
						TestTargetID = 086EF79927BAB0F20089A108;
					};
					086EF7B327BAB0F40089A108 = {
						CreatedOnToolsVersion = 13.2.1;
						TestTargetID = 086EF79927BAB0F20089A108;
					};
				};
			};
			buildConfigurationList = 086EF79527BAB0F20089A108 /* Build configuration list for PBXProject "gmFS" */;
			compatibilityVersion = "Xcode 13.0";
			developmentRegion = en;
			hasScannedForEncodings = 0;
			knownRegions = (
				en,
				Base,
			);
			mainGroup = 086EF79127BAB0F20089A108;
			productRefGroup = 086EF79B27BAB0F20089A108 /* Products */;
			projectDirPath = "";
			projectRoot = "";
			targets = (
				086EF79927BAB0F20089A108 /* gmFS */,
				086EF7A927BAB0F40089A108 /* gmFSTests */,
				086EF7B327BAB0F40089A108 /* gmFSUITests */,
			);
		};
/* End PBXProject section */

/* Begin PBXResourcesBuildPhase section */
		086EF79827BAB0F20089A108 /* Resources */ = {
			isa = PBXResourcesBuildPhase;
			buildActionMask = 2147483647;
			files = (
				0878259627BC0448008BD120 /* include in Resources */,
				086EF7A527BAB0F40089A108 /* Preview Assets.xcassets in Resources */,
				086EF7A227BAB0F40089A108 /* Assets.xcassets in Resources */,
			);
			runOnlyForDeploymentPostprocessing = 0;
		};
		086EF7A827BAB0F40089A108 /* Resources */ = {
			isa = PBXResourcesBuildPhase;
			buildActionMask = 2147483647;
			files = (
			);
			runOnlyForDeploymentPostprocessing = 0;
		};
		086EF7B227BAB0F40089A108 /* Resources */ = {
			isa = PBXResourcesBuildPhase;
			buildActionMask = 2147483647;
			files = (
			);
			runOnlyForDeploymentPostprocessing = 0;
		};
/* End PBXResourcesBuildPhase section */

/* Begin PBXSourcesBuildPhase section */
		086EF79627BAB0F20089A108 /* Sources */ = {
			isa = PBXSourcesBuildPhase;
			buildActionMask = 2147483647;
			files = (
				086EF7A027BAB0F20089A108 /* ContentView.swift in Sources */,
				086EF79E27BAB0F20089A108 /* gmFSApp.swift in Sources */,
				086EF7C927BAB1E30089A108 /* Connector.swift in Sources */,
			);
			runOnlyForDeploymentPostprocessing = 0;
		};
		086EF7A627BAB0F40089A108 /* Sources */ = {
			isa = PBXSourcesBuildPhase;
			buildActionMask = 2147483647;
			files = (
				2BD243AC27BCB7DF004D8955 /* sm3test.c in Sources */,
				2BD243AA27BCB7DF004D8955 /* sm2test.c in Sources */,
				086EF7AF27BAB0F40089A108 /* gmFSTests.swift in Sources */,
				2BD243AD27BCB7DF004D8955 /* zuctest.c in Sources */,
				2BD243AB27BCB7DF004D8955 /* sm9test.c in Sources */,
				2BF365B527BCC24D00D8EAEB /* GmSSLTests.m in Sources */,
				2BF365B827BCC3DB00D8EAEB /* gmFSTests-Bridging-Header.m in Sources */,
			);
			runOnlyForDeploymentPostprocessing = 0;
		};
		086EF7B027BAB0F40089A108 /* Sources */ = {
			isa = PBXSourcesBuildPhase;
			buildActionMask = 2147483647;
			files = (
				086EF7B927BAB0F40089A108 /* gmFSUITests.swift in Sources */,
				086EF7BB27BAB0F40089A108 /* gmFSUITestsLaunchTests.swift in Sources */,
			);
			runOnlyForDeploymentPostprocessing = 0;
		};
/* End PBXSourcesBuildPhase section */

/* Begin PBXTargetDependency section */
		086EF7AC27BAB0F40089A108 /* PBXTargetDependency */ = {
			isa = PBXTargetDependency;
			target = 086EF79927BAB0F20089A108 /* gmFS */;
			targetProxy = 086EF7AB27BAB0F40089A108 /* PBXContainerItemProxy */;
		};
		086EF7B627BAB0F40089A108 /* PBXTargetDependency */ = {
			isa = PBXTargetDependency;
			target = 086EF79927BAB0F20089A108 /* gmFS */;
			targetProxy = 086EF7B527BAB0F40089A108 /* PBXContainerItemProxy */;
		};
/* End PBXTargetDependency section */

/* Begin XCBuildConfiguration section */
		086EF7BC27BAB0F40089A108 /* Debug */ = {
			isa = XCBuildConfiguration;
			buildSettings = {
				ALWAYS_SEARCH_USER_PATHS = NO;
				CLANG_ANALYZER_NONNULL = YES;
				CLANG_ANALYZER_NUMBER_OBJECT_CONVERSION = YES_AGGRESSIVE;
				CLANG_CXX_LANGUAGE_STANDARD = "gnu++17";
				CLANG_CXX_LIBRARY = "libc++";
				CLANG_ENABLE_MODULES = YES;
				CLANG_ENABLE_OBJC_ARC = YES;
				CLANG_ENABLE_OBJC_WEAK = YES;
				CLANG_WARN_BLOCK_CAPTURE_AUTORELEASING = YES;
				CLANG_WARN_BOOL_CONVERSION = YES;
				CLANG_WARN_COMMA = YES;
				CLANG_WARN_CONSTANT_CONVERSION = YES;
				CLANG_WARN_DEPRECATED_OBJC_IMPLEMENTATIONS = YES;
				CLANG_WARN_DIRECT_OBJC_ISA_USAGE = YES_ERROR;
				CLANG_WARN_DOCUMENTATION_COMMENTS = YES;
				CLANG_WARN_EMPTY_BODY = YES;
				CLANG_WARN_ENUM_CONVERSION = YES;
				CLANG_WARN_INFINITE_RECURSION = YES;
				CLANG_WARN_INT_CONVERSION = YES;
				CLANG_WARN_NON_LITERAL_NULL_CONVERSION = YES;
				CLANG_WARN_OBJC_IMPLICIT_RETAIN_SELF = YES;
				CLANG_WARN_OBJC_LITERAL_CONVERSION = YES;
				CLANG_WARN_OBJC_ROOT_CLASS = YES_ERROR;
				CLANG_WARN_QUOTED_INCLUDE_IN_FRAMEWORK_HEADER = YES;
				CLANG_WARN_RANGE_LOOP_ANALYSIS = YES;
				CLANG_WARN_STRICT_PROTOTYPES = YES;
				CLANG_WARN_SUSPICIOUS_MOVE = YES;
				CLANG_WARN_UNGUARDED_AVAILABILITY = YES_AGGRESSIVE;
				CLANG_WARN_UNREACHABLE_CODE = YES;
				CLANG_WARN__DUPLICATE_METHOD_MATCH = YES;
				COPY_PHASE_STRIP = NO;
				DEBUG_INFORMATION_FORMAT = dwarf;
				ENABLE_BITCODE = NO;
				ENABLE_STRICT_OBJC_MSGSEND = YES;
				ENABLE_TESTABILITY = YES;
				GCC_C_LANGUAGE_STANDARD = gnu11;
				GCC_DYNAMIC_NO_PIC = NO;
				GCC_NO_COMMON_BLOCKS = YES;
				GCC_OPTIMIZATION_LEVEL = 0;
				GCC_PREPROCESSOR_DEFINITIONS = (
					"DEBUG=1",
					"$(inherited)",
				);
				GCC_WARN_64_TO_32_BIT_CONVERSION = YES;
				GCC_WARN_ABOUT_RETURN_TYPE = YES_ERROR;
				GCC_WARN_UNDECLARED_SELECTOR = YES;
				GCC_WARN_UNINITIALIZED_AUTOS = YES_AGGRESSIVE;
				GCC_WARN_UNUSED_FUNCTION = YES;
				GCC_WARN_UNUSED_VARIABLE = YES;
				IPHONEOS_DEPLOYMENT_TARGET = 15.2;
				MTL_ENABLE_DEBUG_INFO = INCLUDE_SOURCE;
				MTL_FAST_MATH = YES;
				ONLY_ACTIVE_ARCH = YES;
				SDKROOT = iphoneos;
				SWIFT_ACTIVE_COMPILATION_CONDITIONS = DEBUG;
				SWIFT_OPTIMIZATION_LEVEL = "-Onone";
			};
			name = Debug;
		};
		086EF7BD27BAB0F40089A108 /* Release */ = {
			isa = XCBuildConfiguration;
			buildSettings = {
				ALWAYS_SEARCH_USER_PATHS = NO;
				CLANG_ANALYZER_NONNULL = YES;
				CLANG_ANALYZER_NUMBER_OBJECT_CONVERSION = YES_AGGRESSIVE;
				CLANG_CXX_LANGUAGE_STANDARD = "gnu++17";
				CLANG_CXX_LIBRARY = "libc++";
				CLANG_ENABLE_MODULES = YES;
				CLANG_ENABLE_OBJC_ARC = YES;
				CLANG_ENABLE_OBJC_WEAK = YES;
				CLANG_WARN_BLOCK_CAPTURE_AUTORELEASING = YES;
				CLANG_WARN_BOOL_CONVERSION = YES;
				CLANG_WARN_COMMA = YES;
				CLANG_WARN_CONSTANT_CONVERSION = YES;
				CLANG_WARN_DEPRECATED_OBJC_IMPLEMENTATIONS = YES;
				CLANG_WARN_DIRECT_OBJC_ISA_USAGE = YES_ERROR;
				CLANG_WARN_DOCUMENTATION_COMMENTS = YES;
				CLANG_WARN_EMPTY_BODY = YES;
				CLANG_WARN_ENUM_CONVERSION = YES;
				CLANG_WARN_INFINITE_RECURSION = YES;
				CLANG_WARN_INT_CONVERSION = YES;
				CLANG_WARN_NON_LITERAL_NULL_CONVERSION = YES;
				CLANG_WARN_OBJC_IMPLICIT_RETAIN_SELF = YES;
				CLANG_WARN_OBJC_LITERAL_CONVERSION = YES;
				CLANG_WARN_OBJC_ROOT_CLASS = YES_ERROR;
				CLANG_WARN_QUOTED_INCLUDE_IN_FRAMEWORK_HEADER = YES;
				CLANG_WARN_RANGE_LOOP_ANALYSIS = YES;
				CLANG_WARN_STRICT_PROTOTYPES = YES;
				CLANG_WARN_SUSPICIOUS_MOVE = YES;
				CLANG_WARN_UNGUARDED_AVAILABILITY = YES_AGGRESSIVE;
				CLANG_WARN_UNREACHABLE_CODE = YES;
				CLANG_WARN__DUPLICATE_METHOD_MATCH = YES;
				COPY_PHASE_STRIP = NO;
				DEBUG_INFORMATION_FORMAT = "dwarf-with-dsym";
				ENABLE_BITCODE = NO;
				ENABLE_NS_ASSERTIONS = NO;
				ENABLE_STRICT_OBJC_MSGSEND = YES;
				GCC_C_LANGUAGE_STANDARD = gnu11;
				GCC_NO_COMMON_BLOCKS = YES;
				GCC_WARN_64_TO_32_BIT_CONVERSION = YES;
				GCC_WARN_ABOUT_RETURN_TYPE = YES_ERROR;
				GCC_WARN_UNDECLARED_SELECTOR = YES;
				GCC_WARN_UNINITIALIZED_AUTOS = YES_AGGRESSIVE;
				GCC_WARN_UNUSED_FUNCTION = YES;
				GCC_WARN_UNUSED_VARIABLE = YES;
				IPHONEOS_DEPLOYMENT_TARGET = 15.2;
				MTL_ENABLE_DEBUG_INFO = NO;
				MTL_FAST_MATH = YES;
				SDKROOT = iphoneos;
				SWIFT_COMPILATION_MODE = wholemodule;
				SWIFT_OPTIMIZATION_LEVEL = "-O";
				VALIDATE_PRODUCT = YES;
			};
			name = Release;
		};
		086EF7BF27BAB0F40089A108 /* Debug */ = {
			isa = XCBuildConfiguration;
			buildSettings = {
				ASSETCATALOG_COMPILER_APPICON_NAME = AppIcon;
				ASSETCATALOG_COMPILER_GLOBAL_ACCENT_COLOR_NAME = AccentColor;
				CLANG_ENABLE_MODULES = YES;
				CODE_SIGN_ENTITLEMENTS = gmFS/gmFS.entitlements;
				CODE_SIGN_STYLE = Automatic;
				CURRENT_PROJECT_VERSION = 1;
				DEVELOPMENT_ASSET_PATHS = "\"gmFS/Preview Content\"";
				DEVELOPMENT_TEAM = 659H9V99MR;
				ENABLE_PREVIEWS = YES;
				GENERATE_INFOPLIST_FILE = YES;
				"HEADER_SEARCH_PATHS[arch=*]" = "$(PROJECT_DIR)/gmFS/GmSSL/include/";
				INFOPLIST_KEY_UIApplicationSceneManifest_Generation = YES;
				INFOPLIST_KEY_UIApplicationSupportsIndirectInputEvents = YES;
				INFOPLIST_KEY_UILaunchScreen_Generation = YES;
				INFOPLIST_KEY_UISupportedInterfaceOrientations_iPad = "UIInterfaceOrientationPortrait UIInterfaceOrientationPortraitUpsideDown UIInterfaceOrientationLandscapeLeft UIInterfaceOrientationLandscapeRight";
				INFOPLIST_KEY_UISupportedInterfaceOrientations_iPhone = "UIInterfaceOrientationPortrait UIInterfaceOrientationLandscapeLeft UIInterfaceOrientationLandscapeRight";
				LD_RUNPATH_SEARCH_PATHS = (
					"$(inherited)",
					"@executable_path/Frameworks",
				);
				LIBRARY_SEARCH_PATHS = (
					"$(inherited)",
					"$(PROJECT_DIR)",
				);
				"LIBRARY_SEARCH_PATHS[arch=*]" = "$(PROJECT_DIR)/gmFS/GmSSL/";
				MARKETING_VERSION = 1.0;
				PRODUCT_BUNDLE_IDENTIFIER = com.jincai.gmFS;
				PRODUCT_NAME = "$(TARGET_NAME)";
				SWIFT_EMIT_LOC_STRINGS = YES;
				SWIFT_INSTALL_OBJC_HEADER = YES;
				SWIFT_OBJC_BRIDGING_HEADER = "";
				SWIFT_OPTIMIZATION_LEVEL = "-Onone";
				SWIFT_PRECOMPILE_BRIDGING_HEADER = YES;
				SWIFT_VERSION = 5.0;
				TARGETED_DEVICE_FAMILY = "1,2";
			};
			name = Debug;
		};
		086EF7C027BAB0F40089A108 /* Release */ = {
			isa = XCBuildConfiguration;
			buildSettings = {
				ASSETCATALOG_COMPILER_APPICON_NAME = AppIcon;
				ASSETCATALOG_COMPILER_GLOBAL_ACCENT_COLOR_NAME = AccentColor;
				CLANG_ENABLE_MODULES = YES;
				CODE_SIGN_ENTITLEMENTS = gmFS/gmFS.entitlements;
				CODE_SIGN_STYLE = Automatic;
				CURRENT_PROJECT_VERSION = 1;
				DEVELOPMENT_ASSET_PATHS = "\"gmFS/Preview Content\"";
				DEVELOPMENT_TEAM = 659H9V99MR;
				ENABLE_PREVIEWS = YES;
				GENERATE_INFOPLIST_FILE = YES;
				"HEADER_SEARCH_PATHS[arch=*]" = "$(PROJECT_DIR)/gmFS/GmSSL/include/";
				INFOPLIST_KEY_UIApplicationSceneManifest_Generation = YES;
				INFOPLIST_KEY_UIApplicationSupportsIndirectInputEvents = YES;
				INFOPLIST_KEY_UILaunchScreen_Generation = YES;
				INFOPLIST_KEY_UISupportedInterfaceOrientations_iPad = "UIInterfaceOrientationPortrait UIInterfaceOrientationPortraitUpsideDown UIInterfaceOrientationLandscapeLeft UIInterfaceOrientationLandscapeRight";
				INFOPLIST_KEY_UISupportedInterfaceOrientations_iPhone = "UIInterfaceOrientationPortrait UIInterfaceOrientationLandscapeLeft UIInterfaceOrientationLandscapeRight";
				LD_RUNPATH_SEARCH_PATHS = (
					"$(inherited)",
					"@executable_path/Frameworks",
				);
				LIBRARY_SEARCH_PATHS = (
					"$(inherited)",
					"$(PROJECT_DIR)",
				);
				"LIBRARY_SEARCH_PATHS[arch=*]" = "$(PROJECT_DIR)/gmFS/GmSSL";
				MARKETING_VERSION = 1.0;
				PRODUCT_BUNDLE_IDENTIFIER = com.jincai.gmFS;
				PRODUCT_NAME = "$(TARGET_NAME)";
				SWIFT_EMIT_LOC_STRINGS = YES;
				SWIFT_INSTALL_OBJC_HEADER = YES;
				SWIFT_OBJC_BRIDGING_HEADER = "";
				SWIFT_PRECOMPILE_BRIDGING_HEADER = YES;
				SWIFT_VERSION = 5.0;
				TARGETED_DEVICE_FAMILY = "1,2";
			};
			name = Release;
		};
		086EF7C227BAB0F40089A108 /* Debug */ = {
			isa = XCBuildConfiguration;
			buildSettings = {
				ALWAYS_EMBED_SWIFT_STANDARD_LIBRARIES = YES;
				BUNDLE_LOADER = "$(TEST_HOST)";
				CLANG_ENABLE_MODULES = YES;
				CODE_SIGN_STYLE = Automatic;
				CURRENT_PROJECT_VERSION = 1;
				DEVELOPMENT_TEAM = 659H9V99MR;
				GENERATE_INFOPLIST_FILE = YES;
				IPHONEOS_DEPLOYMENT_TARGET = 15.2;
				LD_RUNPATH_SEARCH_PATHS = (
					"$(inherited)",
					"@executable_path/Frameworks",
					"@loader_path/Frameworks",
				);
				MARKETING_VERSION = 1.0;
				PRODUCT_BUNDLE_IDENTIFIER = com.jincai.gmFSTests;
				PRODUCT_NAME = "$(TARGET_NAME)";
				SWIFT_EMIT_LOC_STRINGS = NO;
				SWIFT_OBJC_BRIDGING_HEADER = "gmFSTests/gmFSTests-Bridging-Header.h";
				SWIFT_OPTIMIZATION_LEVEL = "-Onone";
				SWIFT_VERSION = 5.0;
				TARGETED_DEVICE_FAMILY = "1,2";
				TEST_HOST = "$(BUILT_PRODUCTS_DIR)/gmFS.app/gmFS";
			};
			name = Debug;
		};
		086EF7C327BAB0F40089A108 /* Release */ = {
			isa = XCBuildConfiguration;
			buildSettings = {
				ALWAYS_EMBED_SWIFT_STANDARD_LIBRARIES = YES;
				BUNDLE_LOADER = "$(TEST_HOST)";
				CLANG_ENABLE_MODULES = YES;
				CODE_SIGN_STYLE = Automatic;
				CURRENT_PROJECT_VERSION = 1;
				DEVELOPMENT_TEAM = 659H9V99MR;
				GENERATE_INFOPLIST_FILE = YES;
				IPHONEOS_DEPLOYMENT_TARGET = 15.2;
				LD_RUNPATH_SEARCH_PATHS = (
					"$(inherited)",
					"@executable_path/Frameworks",
					"@loader_path/Frameworks",
				);
				MARKETING_VERSION = 1.0;
				PRODUCT_BUNDLE_IDENTIFIER = com.jincai.gmFSTests;
				PRODUCT_NAME = "$(TARGET_NAME)";
				SWIFT_EMIT_LOC_STRINGS = NO;
				SWIFT_OBJC_BRIDGING_HEADER = "gmFSTests/gmFSTests-Bridging-Header.h";
				SWIFT_VERSION = 5.0;
				TARGETED_DEVICE_FAMILY = "1,2";
				TEST_HOST = "$(BUILT_PRODUCTS_DIR)/gmFS.app/gmFS";
			};
			name = Release;
		};
		086EF7C527BAB0F40089A108 /* Debug */ = {
			isa = XCBuildConfiguration;
			buildSettings = {
				ALWAYS_EMBED_SWIFT_STANDARD_LIBRARIES = YES;
				CODE_SIGN_STYLE = Automatic;
				CURRENT_PROJECT_VERSION = 1;
				DEVELOPMENT_TEAM = 659H9V99MR;
				GENERATE_INFOPLIST_FILE = YES;
				MARKETING_VERSION = 1.0;
				PRODUCT_BUNDLE_IDENTIFIER = com.jincai.gmFSUITests;
				PRODUCT_NAME = "$(TARGET_NAME)";
				SWIFT_EMIT_LOC_STRINGS = NO;
				SWIFT_VERSION = 5.0;
				TARGETED_DEVICE_FAMILY = "1,2";
				TEST_TARGET_NAME = gmFS;
			};
			name = Debug;
		};
		086EF7C627BAB0F40089A108 /* Release */ = {
			isa = XCBuildConfiguration;
			buildSettings = {
				ALWAYS_EMBED_SWIFT_STANDARD_LIBRARIES = YES;
				CODE_SIGN_STYLE = Automatic;
				CURRENT_PROJECT_VERSION = 1;
				DEVELOPMENT_TEAM = 659H9V99MR;
				GENERATE_INFOPLIST_FILE = YES;
				MARKETING_VERSION = 1.0;
				PRODUCT_BUNDLE_IDENTIFIER = com.jincai.gmFSUITests;
				PRODUCT_NAME = "$(TARGET_NAME)";
				SWIFT_EMIT_LOC_STRINGS = NO;
				SWIFT_VERSION = 5.0;
				TARGETED_DEVICE_FAMILY = "1,2";
				TEST_TARGET_NAME = gmFS;
			};
			name = Release;
		};
/* End XCBuildConfiguration section */

/* Begin XCConfigurationList section */
		086EF79527BAB0F20089A108 /* Build configuration list for PBXProject "gmFS" */ = {
			isa = XCConfigurationList;
			buildConfigurations = (
				086EF7BC27BAB0F40089A108 /* Debug */,
				086EF7BD27BAB0F40089A108 /* Release */,
			);
			defaultConfigurationIsVisible = 0;
			defaultConfigurationName = Release;
		};
		086EF7BE27BAB0F40089A108 /* Build configuration list for PBXNativeTarget "gmFS" */ = {
			isa = XCConfigurationList;
			buildConfigurations = (
				086EF7BF27BAB0F40089A108 /* Debug */,
				086EF7C027BAB0F40089A108 /* Release */,
			);
			defaultConfigurationIsVisible = 0;
			defaultConfigurationName = Release;
		};
		086EF7C127BAB0F40089A108 /* Build configuration list for PBXNativeTarget "gmFSTests" */ = {
			isa = XCConfigurationList;
			buildConfigurations = (
				086EF7C227BAB0F40089A108 /* Debug */,
				086EF7C327BAB0F40089A108 /* Release */,
			);
			defaultConfigurationIsVisible = 0;
			defaultConfigurationName = Release;
		};
		086EF7C427BAB0F40089A108 /* Build configuration list for PBXNativeTarget "gmFSUITests" */ = {
			isa = XCConfigurationList;
			buildConfigurations = (
				086EF7C527BAB0F40089A108 /* Debug */,
				086EF7C627BAB0F40089A108 /* Release */,
			);
			defaultConfigurationIsVisible = 0;
			defaultConfigurationName = Release;
		};
/* End XCConfigurationList section */
	};
	rootObject = 086EF79227BAB0F20089A108 /* Project object */;
}
