// !$*UTF8*$!
{
	archiveVersion = 1;
	classes = {
	};
	objectVersion = 55;
	objects = {

/* Begin PBXBuildFile section */
		082D284427C0EF290008A0BB /* CodeScanner in Frameworks */ = {isa = PBXBuildFile; productRef = 082D284327C0EF290008A0BB /* CodeScanner */; };
		082D284727C0F2400008A0BB /* QRCodeScannerView.swift in Sources */ = {isa = PBXBuildFile; fileRef = 082D284627C0F2400008A0BB /* QRCodeScannerView.swift */; };
		082D285327C12A110008A0BB /* ColorSwitchView.swift in Sources */ = {isa = PBXBuildFile; fileRef = 082D285227C12A110008A0BB /* ColorSwitchView.swift */; };
		082D285527C12A980008A0BB /* ColorService.swift in Sources */ = {isa = PBXBuildFile; fileRef = 082D285427C12A980008A0BB /* ColorService.swift */; };
		086EF79E27BAB0F20089A108 /* gmFSApp.swift in Sources */ = {isa = PBXBuildFile; fileRef = 086EF79D27BAB0F20089A108 /* gmFSApp.swift */; };
		086EF7A027BAB0F20089A108 /* ContentView.swift in Sources */ = {isa = PBXBuildFile; fileRef = 086EF79F27BAB0F20089A108 /* ContentView.swift */; };
		086EF7A227BAB0F40089A108 /* Assets.xcassets in Resources */ = {isa = PBXBuildFile; fileRef = 086EF7A127BAB0F40089A108 /* Assets.xcassets */; };
		086EF7A527BAB0F40089A108 /* Preview Assets.xcassets in Resources */ = {isa = PBXBuildFile; fileRef = 086EF7A427BAB0F40089A108 /* Preview Assets.xcassets */; };
		086EF7AF27BAB0F40089A108 /* gmFSTests.swift in Sources */ = {isa = PBXBuildFile; fileRef = 086EF7AE27BAB0F40089A108 /* gmFSTests.swift */; };
		086EF7B927BAB0F40089A108 /* gmFSUITests.swift in Sources */ = {isa = PBXBuildFile; fileRef = 086EF7B827BAB0F40089A108 /* gmFSUITests.swift */; };
		086EF7BB27BAB0F40089A108 /* gmFSUITestsLaunchTests.swift in Sources */ = {isa = PBXBuildFile; fileRef = 086EF7BA27BAB0F40089A108 /* gmFSUITestsLaunchTests.swift */; };
		086EF7C927BAB1E30089A108 /* WiFiService.swift in Sources */ = {isa = PBXBuildFile; fileRef = 086EF7C827BAB1E30089A108 /* WiFiService.swift */; };
		086EF7CD27BAB4C60089A108 /* NetworkExtension.framework in Frameworks */ = {isa = PBXBuildFile; fileRef = 086EF7CC27BAB4C60089A108 /* NetworkExtension.framework */; };
		0878259627BC0448008BD120 /* include in Resources */ = {isa = PBXBuildFile; fileRef = 0878259527BC0448008BD120 /* include */; };
		08DDDAF927C135B5000E7C08 /* GmTest.swift in Sources */ = {isa = PBXBuildFile; fileRef = 2B9393D327BD285E00DBD1F4 /* GmTest.swift */; };
		08DDDAFA27C13685000E7C08 /* libcrypto.a in Frameworks */ = {isa = PBXBuildFile; fileRef = 0878259127BC0257008BD120 /* libcrypto.a */; };
		08DDDAFB27C13685000E7C08 /* libssl.a in Frameworks */ = {isa = PBXBuildFile; fileRef = 0878259027BC0257008BD120 /* libssl.a */; };
		08DDDAFC27C137AD000E7C08 /* libcrypto.a in Frameworks */ = {isa = PBXBuildFile; fileRef = 0878259127BC0257008BD120 /* libcrypto.a */; };
		08DDDAFD27C137AD000E7C08 /* libssl.a in Frameworks */ = {isa = PBXBuildFile; fileRef = 0878259027BC0257008BD120 /* libssl.a */; };
		08FC223D27BD3C61000A0500 /* sms4test.c in Sources */ = {isa = PBXBuildFile; fileRef = 08FC223A27BD3C61000A0500 /* sms4test.c */; };
		08FC223E27BD3C61000A0500 /* sm2test.c in Sources */ = {isa = PBXBuildFile; fileRef = 08FC223B27BD3C61000A0500 /* sm2test.c */; };
		08FC223F27BD3C61000A0500 /* sm9test.c in Sources */ = {isa = PBXBuildFile; fileRef = 08FC223C27BD3C61000A0500 /* sm9test.c */; };
		2BCD316A27BD102100E9B2B3 /* crypto in Resources */ = {isa = PBXBuildFile; fileRef = 2BCD316927BD102100E9B2B3 /* crypto */; };
		2BCD316B27BD132A00E9B2B3 /* libcrypto.a in Frameworks */ = {isa = PBXBuildFile; fileRef = 0878259127BC0257008BD120 /* libcrypto.a */; };
		2BCD316C27BD132A00E9B2B3 /* libssl.a in Frameworks */ = {isa = PBXBuildFile; fileRef = 0878259027BC0257008BD120 /* libssl.a */; };
		2BCD31AE27BD23D900E9B2B3 /* GmTests.m in Sources */ = {isa = PBXBuildFile; fileRef = 2BCD31AD27BD23D900E9B2B3 /* GmTests.m */; };
		2BCD31B427BD23E700E9B2B3 /* zuctest.c in Sources */ = {isa = PBXBuildFile; fileRef = 2BD243A927BCB7DF004D8955 /* zuctest.c */; };
		2BCD31B827BD23E700E9B2B3 /* sm3test.c in Sources */ = {isa = PBXBuildFile; fileRef = 2BD243A827BCB7DF004D8955 /* sm3test.c */; };
/* End PBXBuildFile section */

/* Begin PBXContainerItemProxy section */
		086EF7AB27BAB0F40089A108 /* PBXContainerItemProxy */ = {
			isa = PBXContainerItemProxy;
			containerPortal = 086EF79227BAB0F20089A108 /* Project object */;
			proxyType = 1;
			remoteGlobalIDString = 086EF79927BAB0F20089A108;
			remoteInfo = gmFS;
		};
		086EF7B527BAB0F40089A108 /* PBXContainerItemProxy */ = {
			isa = PBXContainerItemProxy;
			containerPortal = 086EF79227BAB0F20089A108 /* Project object */;
			proxyType = 1;
			remoteGlobalIDString = 086EF79927BAB0F20089A108;
			remoteInfo = gmFS;
		};
		2BCD31AF27BD23D900E9B2B3 /* PBXContainerItemProxy */ = {
			isa = PBXContainerItemProxy;
			containerPortal = 086EF79227BAB0F20089A108 /* Project object */;
			proxyType = 1;
			remoteGlobalIDString = 086EF79927BAB0F20089A108;
			remoteInfo = gmFS;
		};
/* End PBXContainerItemProxy section */

/* Begin PBXFileReference section */
		082D284627C0F2400008A0BB /* QRCodeScannerView.swift */ = {isa = PBXFileReference; lastKnownFileType = sourcecode.swift; path = QRCodeScannerView.swift; sourceTree = "<group>"; };
		082D285227C12A110008A0BB /* ColorSwitchView.swift */ = {isa = PBXFileReference; lastKnownFileType = sourcecode.swift; path = ColorSwitchView.swift; sourceTree = "<group>"; };
		082D285427C12A980008A0BB /* ColorService.swift */ = {isa = PBXFileReference; lastKnownFileType = sourcecode.swift; path = ColorService.swift; sourceTree = "<group>"; };
		082D285627C12DEA0008A0BB /* Info.plist */ = {isa = PBXFileReference; lastKnownFileType = text.plist; path = Info.plist; sourceTree = "<group>"; };
		086EF79A27BAB0F20089A108 /* gmFS.app */ = {isa = PBXFileReference; explicitFileType = wrapper.application; includeInIndex = 0; path = gmFS.app; sourceTree = BUILT_PRODUCTS_DIR; };
		086EF79D27BAB0F20089A108 /* gmFSApp.swift */ = {isa = PBXFileReference; lastKnownFileType = sourcecode.swift; path = gmFSApp.swift; sourceTree = "<group>"; };
		086EF79F27BAB0F20089A108 /* ContentView.swift */ = {isa = PBXFileReference; lastKnownFileType = sourcecode.swift; path = ContentView.swift; sourceTree = "<group>"; };
		086EF7A127BAB0F40089A108 /* Assets.xcassets */ = {isa = PBXFileReference; lastKnownFileType = folder.assetcatalog; path = Assets.xcassets; sourceTree = "<group>"; };
		086EF7A427BAB0F40089A108 /* Preview Assets.xcassets */ = {isa = PBXFileReference; lastKnownFileType = folder.assetcatalog; path = "Preview Assets.xcassets"; sourceTree = "<group>"; };
		086EF7AA27BAB0F40089A108 /* gmFSTests.xctest */ = {isa = PBXFileReference; explicitFileType = wrapper.cfbundle; includeInIndex = 0; path = gmFSTests.xctest; sourceTree = BUILT_PRODUCTS_DIR; };
		086EF7AE27BAB0F40089A108 /* gmFSTests.swift */ = {isa = PBXFileReference; lastKnownFileType = sourcecode.swift; path = gmFSTests.swift; sourceTree = "<group>"; };
		086EF7B427BAB0F40089A108 /* gmFSUITests.xctest */ = {isa = PBXFileReference; explicitFileType = wrapper.cfbundle; includeInIndex = 0; path = gmFSUITests.xctest; sourceTree = BUILT_PRODUCTS_DIR; };
		086EF7B827BAB0F40089A108 /* gmFSUITests.swift */ = {isa = PBXFileReference; lastKnownFileType = sourcecode.swift; path = gmFSUITests.swift; sourceTree = "<group>"; };
		086EF7BA27BAB0F40089A108 /* gmFSUITestsLaunchTests.swift */ = {isa = PBXFileReference; lastKnownFileType = sourcecode.swift; path = gmFSUITestsLaunchTests.swift; sourceTree = "<group>"; };
		086EF7C827BAB1E30089A108 /* WiFiService.swift */ = {isa = PBXFileReference; lastKnownFileType = sourcecode.swift; path = WiFiService.swift; sourceTree = "<group>"; };
		086EF7CA27BAB4C60089A108 /* gmFS.entitlements */ = {isa = PBXFileReference; lastKnownFileType = text.plist.entitlements; path = gmFS.entitlements; sourceTree = "<group>"; };
		086EF7CC27BAB4C60089A108 /* NetworkExtension.framework */ = {isa = PBXFileReference; lastKnownFileType = wrapper.framework; name = NetworkExtension.framework; path = System/Library/Frameworks/NetworkExtension.framework; sourceTree = SDKROOT; };
		0878259027BC0257008BD120 /* libssl.a */ = {isa = PBXFileReference; lastKnownFileType = archive.ar; path = libssl.a; sourceTree = "<group>"; };
		0878259127BC0257008BD120 /* libcrypto.a */ = {isa = PBXFileReference; lastKnownFileType = archive.ar; path = libcrypto.a; sourceTree = "<group>"; };
		0878259527BC0448008BD120 /* include */ = {isa = PBXFileReference; lastKnownFileType = folder; path = include; sourceTree = "<group>"; };
		08FC223A27BD3C61000A0500 /* sms4test.c */ = {isa = PBXFileReference; fileEncoding = 4; lastKnownFileType = sourcecode.c.c; path = sms4test.c; sourceTree = "<group>"; };
		08FC223B27BD3C61000A0500 /* sm2test.c */ = {isa = PBXFileReference; fileEncoding = 4; lastKnownFileType = sourcecode.c.c; path = sm2test.c; sourceTree = "<group>"; };
		08FC223C27BD3C61000A0500 /* sm9test.c */ = {isa = PBXFileReference; fileEncoding = 4; lastKnownFileType = sourcecode.c.c; path = sm9test.c; sourceTree = "<group>"; };
		2B9393D327BD285E00DBD1F4 /* GmTest.swift */ = {isa = PBXFileReference; lastKnownFileType = sourcecode.swift; path = GmTest.swift; sourceTree = "<group>"; };
		2BCD316927BD102100E9B2B3 /* crypto */ = {isa = PBXFileReference; lastKnownFileType = folder; path = crypto; sourceTree = "<group>"; };
		2BCD31A127BD1FCD00E9B2B3 /* gmtest.h */ = {isa = PBXFileReference; lastKnownFileType = sourcecode.c.h; path = gmtest.h; sourceTree = "<group>"; };
		2BCD31AB27BD23D900E9B2B3 /* GmTests.xctest */ = {isa = PBXFileReference; explicitFileType = wrapper.cfbundle; includeInIndex = 0; path = GmTests.xctest; sourceTree = BUILT_PRODUCTS_DIR; };
		2BCD31AD27BD23D900E9B2B3 /* GmTests.m */ = {isa = PBXFileReference; lastKnownFileType = sourcecode.c.objc; path = GmTests.m; sourceTree = "<group>"; };
		2BD243A827BCB7DF004D8955 /* sm3test.c */ = {isa = PBXFileReference; fileEncoding = 4; lastKnownFileType = sourcecode.c.c; path = sm3test.c; sourceTree = "<group>"; };
		2BD243A927BCB7DF004D8955 /* zuctest.c */ = {isa = PBXFileReference; fileEncoding = 4; lastKnownFileType = sourcecode.c.c; path = zuctest.c; sourceTree = "<group>"; };
		2BD243AE27BCB804004D8955 /* e_os.h */ = {isa = PBXFileReference; fileEncoding = 4; lastKnownFileType = sourcecode.c.h; path = e_os.h; sourceTree = "<group>"; };
/* End PBXFileReference section */

/* Begin PBXFrameworksBuildPhase section */
		086EF79727BAB0F20089A108 /* Frameworks */ = {
			isa = PBXFrameworksBuildPhase;
			buildActionMask = 2147483647;
			files = (
				08DDDAFC27C137AD000E7C08 /* libcrypto.a in Frameworks */,
				08DDDAFD27C137AD000E7C08 /* libssl.a in Frameworks */,
				082D284427C0EF290008A0BB /* CodeScanner in Frameworks */,
				086EF7CD27BAB4C60089A108 /* NetworkExtension.framework in Frameworks */,
			);
			runOnlyForDeploymentPostprocessing = 0;
		};
		086EF7A727BAB0F40089A108 /* Frameworks */ = {
			isa = PBXFrameworksBuildPhase;
			buildActionMask = 2147483647;
			files = (
				2BCD316B27BD132A00E9B2B3 /* libcrypto.a in Frameworks */,
				2BCD316C27BD132A00E9B2B3 /* libssl.a in Frameworks */,
			);
			runOnlyForDeploymentPostprocessing = 0;
		};
		086EF7B127BAB0F40089A108 /* Frameworks */ = {
			isa = PBXFrameworksBuildPhase;
			buildActionMask = 2147483647;
			files = (
			);
			runOnlyForDeploymentPostprocessing = 0;
		};
		2BCD31A827BD23D900E9B2B3 /* Frameworks */ = {
			isa = PBXFrameworksBuildPhase;
			buildActionMask = 2147483647;
			files = (
				08DDDAFA27C13685000E7C08 /* libcrypto.a in Frameworks */,
				08DDDAFB27C13685000E7C08 /* libssl.a in Frameworks */,
			);
			runOnlyForDeploymentPostprocessing = 0;
		};
/* End PBXFrameworksBuildPhase section */

/* Begin PBXGroup section */
		082D285127C129F00008A0BB /* View */ = {
			isa = PBXGroup;
			children = (
				086EF79F27BAB0F20089A108 /* ContentView.swift */,
				082D284627C0F2400008A0BB /* QRCodeScannerView.swift */,
				082D285227C12A110008A0BB /* ColorSwitchView.swift */,
			);
			path = View;
			sourceTree = "<group>";
		};
		082D285727C12E840008A0BB /* Service */ = {
			isa = PBXGroup;
			children = (
				082D285427C12A980008A0BB /* ColorService.swift */,
				086EF7C827BAB1E30089A108 /* WiFiService.swift */,
			);
			path = Service;
			sourceTree = "<group>";
		};
		082D285827C12F770008A0BB /* Libs */ = {
			isa = PBXGroup;
			children = (
				0878259427BC040C008BD120 /* GmSSL */,
			);
			path = Libs;
			sourceTree = "<group>";
		};
		086EF79127BAB0F20089A108 = {
			isa = PBXGroup;
			children = (
				086EF79C27BAB0F20089A108 /* gmFS */,
				086EF7AD27BAB0F40089A108 /* gmFSTests */,
				086EF7B727BAB0F40089A108 /* gmFSUITests */,
				2BCD31AC27BD23D900E9B2B3 /* GmTests */,
				086EF79B27BAB0F20089A108 /* Products */,
				086EF7CB27BAB4C60089A108 /* Frameworks */,
			);
			sourceTree = "<group>";
		};
		086EF79B27BAB0F20089A108 /* Products */ = {
			isa = PBXGroup;
			children = (
				086EF79A27BAB0F20089A108 /* gmFS.app */,
				086EF7AA27BAB0F40089A108 /* gmFSTests.xctest */,
				086EF7B427BAB0F40089A108 /* gmFSUITests.xctest */,
				2BCD31AB27BD23D900E9B2B3 /* GmTests.xctest */,
			);
			name = Products;
			sourceTree = "<group>";
		};
		086EF79C27BAB0F20089A108 /* gmFS */ = {
			isa = PBXGroup;
			children = (
				082D285827C12F770008A0BB /* Libs */,
				082D285727C12E840008A0BB /* Service */,
				082D285627C12DEA0008A0BB /* Info.plist */,
				082D285127C129F00008A0BB /* View */,
				086EF7CA27BAB4C60089A108 /* gmFS.entitlements */,
				086EF79D27BAB0F20089A108 /* gmFSApp.swift */,
				086EF7A127BAB0F40089A108 /* Assets.xcassets */,
				086EF7A327BAB0F40089A108 /* Preview Content */,
			);
			path = gmFS;
			sourceTree = "<group>";
		};
		086EF7A327BAB0F40089A108 /* Preview Content */ = {
			isa = PBXGroup;
			children = (
				086EF7A427BAB0F40089A108 /* Preview Assets.xcassets */,
			);
			path = "Preview Content";
			sourceTree = "<group>";
		};
		086EF7AD27BAB0F40089A108 /* gmFSTests */ = {
			isa = PBXGroup;
			children = (
				086EF7AE27BAB0F40089A108 /* gmFSTests.swift */,
			);
			path = gmFSTests;
			sourceTree = "<group>";
		};
		086EF7B727BAB0F40089A108 /* gmFSUITests */ = {
			isa = PBXGroup;
			children = (
				086EF7B827BAB0F40089A108 /* gmFSUITests.swift */,
				086EF7BA27BAB0F40089A108 /* gmFSUITestsLaunchTests.swift */,
			);
			path = gmFSUITests;
			sourceTree = "<group>";
		};
		086EF7CB27BAB4C60089A108 /* Frameworks */ = {
			isa = PBXGroup;
			children = (
				086EF7CC27BAB4C60089A108 /* NetworkExtension.framework */,
			);
			name = Frameworks;
			sourceTree = "<group>";
		};
		0878259427BC040C008BD120 /* GmSSL */ = {
			isa = PBXGroup;
			children = (
				0878259527BC0448008BD120 /* include */,
				0878259127BC0257008BD120 /* libcrypto.a */,
				0878259027BC0257008BD120 /* libssl.a */,
			);
			path = GmSSL;
			sourceTree = "<group>";
		};
		08FC224027BD3E91000A0500 /* src */ = {
			isa = PBXGroup;
			children = (
				2BCD31A127BD1FCD00E9B2B3 /* gmtest.h */,
				2BCD31AD27BD23D900E9B2B3 /* GmTests.m */,
				2B9393D327BD285E00DBD1F4 /* GmTest.swift */,
				08FC223B27BD3C61000A0500 /* sm2test.c */,
				08FC223C27BD3C61000A0500 /* sm9test.c */,
				08FC223A27BD3C61000A0500 /* sms4test.c */,
				2BD243A827BCB7DF004D8955 /* sm3test.c */,
				2BD243A927BCB7DF004D8955 /* zuctest.c */,
			);
			path = src;
			sourceTree = "<group>";
		};
		2BCD316F27BD13BB00E9B2B3 /* include */ = {
			isa = PBXGroup;
			children = (
				2BCD316927BD102100E9B2B3 /* crypto */,
				2BD243AE27BCB804004D8955 /* e_os.h */,
			);
			path = include;
			sourceTree = "<group>";
		};
		2BCD31AC27BD23D900E9B2B3 /* GmTests */ = {
			isa = PBXGroup;
			children = (
				08FC224027BD3E91000A0500 /* src */,
				2BCD316F27BD13BB00E9B2B3 /* include */,
			);
			path = GmTests;
			sourceTree = "<group>";
		};
/* End PBXGroup section */

/* Begin PBXNativeTarget section */
		086EF79927BAB0F20089A108 /* gmFS */ = {
			isa = PBXNativeTarget;
			buildConfigurationList = 086EF7BE27BAB0F40089A108 /* Build configuration list for PBXNativeTarget "gmFS" */;
			buildPhases = (
				086EF79627BAB0F20089A108 /* Sources */,
				086EF79727BAB0F20089A108 /* Frameworks */,
				086EF79827BAB0F20089A108 /* Resources */,
			);
			buildRules = (
			);
			dependencies = (
			);
			name = gmFS;
			packageProductDependencies = (
				082D284327C0EF290008A0BB /* CodeScanner */,
			);
			productName = gmFS;
			productReference = 086EF79A27BAB0F20089A108 /* gmFS.app */;
			productType = "com.apple.product-type.application";
		};
		086EF7A927BAB0F40089A108 /* gmFSTests */ = {
			isa = PBXNativeTarget;
			buildConfigurationList = 086EF7C127BAB0F40089A108 /* Build configuration list for PBXNativeTarget "gmFSTests" */;
			buildPhases = (
				086EF7A627BAB0F40089A108 /* Sources */,
				086EF7A727BAB0F40089A108 /* Frameworks */,
				086EF7A827BAB0F40089A108 /* Resources */,
			);
			buildRules = (
			);
			dependencies = (
				086EF7AC27BAB0F40089A108 /* PBXTargetDependency */,
			);
			name = gmFSTests;
			productName = gmFSTests;
			productReference = 086EF7AA27BAB0F40089A108 /* gmFSTests.xctest */;
			productType = "com.apple.product-type.bundle.unit-test";
		};
		086EF7B327BAB0F40089A108 /* gmFSUITests */ = {
			isa = PBXNativeTarget;
			buildConfigurationList = 086EF7C427BAB0F40089A108 /* Build configuration list for PBXNativeTarget "gmFSUITests" */;
			buildPhases = (
				086EF7B027BAB0F40089A108 /* Sources */,
				086EF7B127BAB0F40089A108 /* Frameworks */,
				086EF7B227BAB0F40089A108 /* Resources */,
			);
			buildRules = (
			);
			dependencies = (
				086EF7B627BAB0F40089A108 /* PBXTargetDependency */,
			);
			name = gmFSUITests;
			productName = gmFSUITests;
			productReference = 086EF7B427BAB0F40089A108 /* gmFSUITests.xctest */;
			productType = "com.apple.product-type.bundle.ui-testing";
		};
		2BCD31AA27BD23D900E9B2B3 /* GmTests */ = {
			isa = PBXNativeTarget;
			buildConfigurationList = 2BCD31B127BD23D900E9B2B3 /* Build configuration list for PBXNativeTarget "GmTests" */;
			buildPhases = (
				2BCD31A727BD23D900E9B2B3 /* Sources */,
				2BCD31A827BD23D900E9B2B3 /* Frameworks */,
				2BCD31A927BD23D900E9B2B3 /* Resources */,
			);
			buildRules = (
			);
			dependencies = (
				2BCD31B027BD23D900E9B2B3 /* PBXTargetDependency */,
			);
			name = GmTests;
			productName = GmTests;
			productReference = 2BCD31AB27BD23D900E9B2B3 /* GmTests.xctest */;
			productType = "com.apple.product-type.bundle.unit-test";
		};
/* End PBXNativeTarget section */

/* Begin PBXProject section */
		086EF79227BAB0F20089A108 /* Project object */ = {
			isa = PBXProject;
			attributes = {
				BuildIndependentTargetsInParallel = 1;
				LastSwiftUpdateCheck = 1320;
				LastUpgradeCheck = 1320;
				TargetAttributes = {
					086EF79927BAB0F20089A108 = {
						CreatedOnToolsVersion = 13.2.1;
						LastSwiftMigration = 1320;
					};
					086EF7A927BAB0F40089A108 = {
						CreatedOnToolsVersion = 13.2.1;
						LastSwiftMigration = 1320;
						TestTargetID = 086EF79927BAB0F20089A108;
					};
					086EF7B327BAB0F40089A108 = {
						CreatedOnToolsVersion = 13.2.1;
						TestTargetID = 086EF79927BAB0F20089A108;
					};
					2BCD31AA27BD23D900E9B2B3 = {
						CreatedOnToolsVersion = 13.2.1;
						LastSwiftMigration = 1320;
						TestTargetID = 086EF79927BAB0F20089A108;
					};
				};
			};
			buildConfigurationList = 086EF79527BAB0F20089A108 /* Build configuration list for PBXProject "gmFS" */;
			compatibilityVersion = "Xcode 13.0";
			developmentRegion = en;
			hasScannedForEncodings = 0;
			knownRegions = (
				en,
				Base,
			);
			mainGroup = 086EF79127BAB0F20089A108;
			packageReferences = (
				082D284227C0EF290008A0BB /* XCRemoteSwiftPackageReference "CodeScanner" */,
			);
			productRefGroup = 086EF79B27BAB0F20089A108 /* Products */;
			projectDirPath = "";
			projectRoot = "";
			targets = (
				086EF79927BAB0F20089A108 /* gmFS */,
				086EF7A927BAB0F40089A108 /* gmFSTests */,
				086EF7B327BAB0F40089A108 /* gmFSUITests */,
				2BCD31AA27BD23D900E9B2B3 /* GmTests */,
			);
		};
/* End PBXProject section */

/* Begin PBXResourcesBuildPhase section */
		086EF79827BAB0F20089A108 /* Resources */ = {
			isa = PBXResourcesBuildPhase;
			buildActionMask = 2147483647;
			files = (
				0878259627BC0448008BD120 /* include in Resources */,
				086EF7A527BAB0F40089A108 /* Preview Assets.xcassets in Resources */,
				086EF7A227BAB0F40089A108 /* Assets.xcassets in Resources */,
			);
			runOnlyForDeploymentPostprocessing = 0;
		};
		086EF7A827BAB0F40089A108 /* Resources */ = {
			isa = PBXResourcesBuildPhase;
			buildActionMask = 2147483647;
			files = (
				2BCD316A27BD102100E9B2B3 /* crypto in Resources */,
			);
			runOnlyForDeploymentPostprocessing = 0;
		};
		086EF7B227BAB0F40089A108 /* Resources */ = {
			isa = PBXResourcesBuildPhase;
			buildActionMask = 2147483647;
			files = (
			);
			runOnlyForDeploymentPostprocessing = 0;
		};
		2BCD31A927BD23D900E9B2B3 /* Resources */ = {
			isa = PBXResourcesBuildPhase;
			buildActionMask = 2147483647;
			files = (
			);
			runOnlyForDeploymentPostprocessing = 0;
		};
/* End PBXResourcesBuildPhase section */

/* Begin PBXSourcesBuildPhase section */
		086EF79627BAB0F20089A108 /* Sources */ = {
			isa = PBXSourcesBuildPhase;
			buildActionMask = 2147483647;
			files = (
				086EF7A027BAB0F20089A108 /* ContentView.swift in Sources */,
				086EF79E27BAB0F20089A108 /* gmFSApp.swift in Sources */,
				086EF7C927BAB1E30089A108 /* WiFiService.swift in Sources */,
				082D285327C12A110008A0BB /* ColorSwitchView.swift in Sources */,
				082D284727C0F2400008A0BB /* QRCodeScannerView.swift in Sources */,
				082D285527C12A980008A0BB /* ColorService.swift in Sources */,
			);
			runOnlyForDeploymentPostprocessing = 0;
		};
		086EF7A627BAB0F40089A108 /* Sources */ = {
			isa = PBXSourcesBuildPhase;
			buildActionMask = 2147483647;
			files = (
				086EF7AF27BAB0F40089A108 /* gmFSTests.swift in Sources */,
			);
			runOnlyForDeploymentPostprocessing = 0;
		};
		086EF7B027BAB0F40089A108 /* Sources */ = {
			isa = PBXSourcesBuildPhase;
			buildActionMask = 2147483647;
			files = (
				086EF7B927BAB0F40089A108 /* gmFSUITests.swift in Sources */,
				086EF7BB27BAB0F40089A108 /* gmFSUITestsLaunchTests.swift in Sources */,
			);
			runOnlyForDeploymentPostprocessing = 0;
		};
		2BCD31A727BD23D900E9B2B3 /* Sources */ = {
			isa = PBXSourcesBuildPhase;
			buildActionMask = 2147483647;
			files = (
				08DDDAF927C135B5000E7C08 /* GmTest.swift in Sources */,
				2BCD31B827BD23E700E9B2B3 /* sm3test.c in Sources */,
				2BCD31B427BD23E700E9B2B3 /* zuctest.c in Sources */,
				08FC223F27BD3C61000A0500 /* sm9test.c in Sources */,
				2BCD31AE27BD23D900E9B2B3 /* GmTests.m in Sources */,
				08FC223D27BD3C61000A0500 /* sms4test.c in Sources */,
				08FC223E27BD3C61000A0500 /* sm2test.c in Sources */,
			);
			runOnlyForDeploymentPostprocessing = 0;
		};
/* End PBXSourcesBuildPhase section */

/* Begin PBXTargetDependency section */
		086EF7AC27BAB0F40089A108 /* PBXTargetDependency */ = {
			isa = PBXTargetDependency;
			target = 086EF79927BAB0F20089A108 /* gmFS */;
			targetProxy = 086EF7AB27BAB0F40089A108 /* PBXContainerItemProxy */;
		};
		086EF7B627BAB0F40089A108 /* PBXTargetDependency */ = {
			isa = PBXTargetDependency;
			target = 086EF79927BAB0F20089A108 /* gmFS */;
			targetProxy = 086EF7B527BAB0F40089A108 /* PBXContainerItemProxy */;
		};
		2BCD31B027BD23D900E9B2B3 /* PBXTargetDependency */ = {
			isa = PBXTargetDependency;
			target = 086EF79927BAB0F20089A108 /* gmFS */;
			targetProxy = 2BCD31AF27BD23D900E9B2B3 /* PBXContainerItemProxy */;
		};
/* End PBXTargetDependency section */

/* Begin XCBuildConfiguration section */
		086EF7BC27BAB0F40089A108 /* Debug */ = {
			isa = XCBuildConfiguration;
			buildSettings = {
				ALWAYS_SEARCH_USER_PATHS = NO;
				CLANG_ANALYZER_NONNULL = YES;
				CLANG_ANALYZER_NUMBER_OBJECT_CONVERSION = YES_AGGRESSIVE;
				CLANG_CXX_LANGUAGE_STANDARD = "gnu++17";
				CLANG_CXX_LIBRARY = "libc++";
				CLANG_ENABLE_MODULES = YES;
				CLANG_ENABLE_OBJC_ARC = YES;
				CLANG_ENABLE_OBJC_WEAK = YES;
				CLANG_WARN_BLOCK_CAPTURE_AUTORELEASING = YES;
				CLANG_WARN_BOOL_CONVERSION = YES;
				CLANG_WARN_COMMA = YES;
				CLANG_WARN_CONSTANT_CONVERSION = YES;
				CLANG_WARN_DEPRECATED_OBJC_IMPLEMENTATIONS = YES;
				CLANG_WARN_DIRECT_OBJC_ISA_USAGE = YES_ERROR;
				CLANG_WARN_DOCUMENTATION_COMMENTS = YES;
				CLANG_WARN_EMPTY_BODY = YES;
				CLANG_WARN_ENUM_CONVERSION = YES;
				CLANG_WARN_INFINITE_RECURSION = YES;
				CLANG_WARN_INT_CONVERSION = YES;
				CLANG_WARN_NON_LITERAL_NULL_CONVERSION = YES;
				CLANG_WARN_OBJC_IMPLICIT_RETAIN_SELF = YES;
				CLANG_WARN_OBJC_LITERAL_CONVERSION = YES;
				CLANG_WARN_OBJC_ROOT_CLASS = YES_ERROR;
				CLANG_WARN_QUOTED_INCLUDE_IN_FRAMEWORK_HEADER = YES;
				CLANG_WARN_RANGE_LOOP_ANALYSIS = YES;
				CLANG_WARN_STRICT_PROTOTYPES = YES;
				CLANG_WARN_SUSPICIOUS_MOVE = YES;
				CLANG_WARN_UNGUARDED_AVAILABILITY = YES_AGGRESSIVE;
				CLANG_WARN_UNREACHABLE_CODE = YES;
				CLANG_WARN__DUPLICATE_METHOD_MATCH = YES;
				COPY_PHASE_STRIP = NO;
				DEBUG_INFORMATION_FORMAT = dwarf;
				ENABLE_BITCODE = NO;
				ENABLE_STRICT_OBJC_MSGSEND = YES;
				ENABLE_TESTABILITY = YES;
				GCC_C_LANGUAGE_STANDARD = gnu11;
				GCC_DYNAMIC_NO_PIC = NO;
				GCC_NO_COMMON_BLOCKS = YES;
				GCC_OPTIMIZATION_LEVEL = 0;
				GCC_PREPROCESSOR_DEFINITIONS = (
					"DEBUG=1",
					"$(inherited)",
				);
				GCC_WARN_64_TO_32_BIT_CONVERSION = YES;
				GCC_WARN_ABOUT_RETURN_TYPE = YES_ERROR;
				GCC_WARN_UNDECLARED_SELECTOR = YES;
				GCC_WARN_UNINITIALIZED_AUTOS = YES_AGGRESSIVE;
				GCC_WARN_UNUSED_FUNCTION = YES;
				GCC_WARN_UNUSED_VARIABLE = YES;
				IPHONEOS_DEPLOYMENT_TARGET = 15.2;
				MTL_ENABLE_DEBUG_INFO = INCLUDE_SOURCE;
				MTL_FAST_MATH = YES;
				ONLY_ACTIVE_ARCH = YES;
				SDKROOT = iphoneos;
				SWIFT_ACTIVE_COMPILATION_CONDITIONS = DEBUG;
				SWIFT_OPTIMIZATION_LEVEL = "-Onone";
			};
			name = Debug;
		};
		086EF7BD27BAB0F40089A108 /* Release */ = {
			isa = XCBuildConfiguration;
			buildSettings = {
				ALWAYS_SEARCH_USER_PATHS = NO;
				CLANG_ANALYZER_NONNULL = YES;
				CLANG_ANALYZER_NUMBER_OBJECT_CONVERSION = YES_AGGRESSIVE;
				CLANG_CXX_LANGUAGE_STANDARD = "gnu++17";
				CLANG_CXX_LIBRARY = "libc++";
				CLANG_ENABLE_MODULES = YES;
				CLANG_ENABLE_OBJC_ARC = YES;
				CLANG_ENABLE_OBJC_WEAK = YES;
				CLANG_WARN_BLOCK_CAPTURE_AUTORELEASING = YES;
				CLANG_WARN_BOOL_CONVERSION = YES;
				CLANG_WARN_COMMA = YES;
				CLANG_WARN_CONSTANT_CONVERSION = YES;
				CLANG_WARN_DEPRECATED_OBJC_IMPLEMENTATIONS = YES;
				CLANG_WARN_DIRECT_OBJC_ISA_USAGE = YES_ERROR;
				CLANG_WARN_DOCUMENTATION_COMMENTS = YES;
				CLANG_WARN_EMPTY_BODY = YES;
				CLANG_WARN_ENUM_CONVERSION = YES;
				CLANG_WARN_INFINITE_RECURSION = YES;
				CLANG_WARN_INT_CONVERSION = YES;
				CLANG_WARN_NON_LITERAL_NULL_CONVERSION = YES;
				CLANG_WARN_OBJC_IMPLICIT_RETAIN_SELF = YES;
				CLANG_WARN_OBJC_LITERAL_CONVERSION = YES;
				CLANG_WARN_OBJC_ROOT_CLASS = YES_ERROR;
				CLANG_WARN_QUOTED_INCLUDE_IN_FRAMEWORK_HEADER = YES;
				CLANG_WARN_RANGE_LOOP_ANALYSIS = YES;
				CLANG_WARN_STRICT_PROTOTYPES = YES;
				CLANG_WARN_SUSPICIOUS_MOVE = YES;
				CLANG_WARN_UNGUARDED_AVAILABILITY = YES_AGGRESSIVE;
				CLANG_WARN_UNREACHABLE_CODE = YES;
				CLANG_WARN__DUPLICATE_METHOD_MATCH = YES;
				COPY_PHASE_STRIP = NO;
				DEBUG_INFORMATION_FORMAT = "dwarf-with-dsym";
				ENABLE_BITCODE = NO;
				ENABLE_NS_ASSERTIONS = NO;
				ENABLE_STRICT_OBJC_MSGSEND = YES;
				GCC_C_LANGUAGE_STANDARD = gnu11;
				GCC_NO_COMMON_BLOCKS = YES;
				GCC_WARN_64_TO_32_BIT_CONVERSION = YES;
				GCC_WARN_ABOUT_RETURN_TYPE = YES_ERROR;
				GCC_WARN_UNDECLARED_SELECTOR = YES;
				GCC_WARN_UNINITIALIZED_AUTOS = YES_AGGRESSIVE;
				GCC_WARN_UNUSED_FUNCTION = YES;
				GCC_WARN_UNUSED_VARIABLE = YES;
				IPHONEOS_DEPLOYMENT_TARGET = 15.2;
				MTL_ENABLE_DEBUG_INFO = NO;
				MTL_FAST_MATH = YES;
				SDKROOT = iphoneos;
				SWIFT_COMPILATION_MODE = wholemodule;
				SWIFT_OPTIMIZATION_LEVEL = "-O";
				VALIDATE_PRODUCT = YES;
			};
			name = Release;
		};
		086EF7BF27BAB0F40089A108 /* Debug */ = {
			isa = XCBuildConfiguration;
			buildSettings = {
				ASSETCATALOG_COMPILER_APPICON_NAME = AppIcon;
				ASSETCATALOG_COMPILER_GLOBAL_ACCENT_COLOR_NAME = AccentColor;
				CLANG_ENABLE_MODULES = YES;
				CODE_SIGN_ENTITLEMENTS = gmFS/gmFS.entitlements;
				CODE_SIGN_STYLE = Automatic;
				CURRENT_PROJECT_VERSION = 1;
				DEVELOPMENT_ASSET_PATHS = "\"gmFS/Preview Content\"";
				DEVELOPMENT_TEAM = 659H9V99MR;
				ENABLE_PREVIEWS = YES;
				GENERATE_INFOPLIST_FILE = YES;
				HEADER_SEARCH_PATHS = "\"$(SRCROOT)/gmFS/Libs/GmSSL/include\"";
				INFOPLIST_FILE = gmFS/Info.plist;
				INFOPLIST_KEY_NSCameraUsageDescription = "gmFS想要使用相机";
				INFOPLIST_KEY_UIApplicationSceneManifest_Generation = YES;
				INFOPLIST_KEY_UIApplicationSupportsIndirectInputEvents = YES;
				INFOPLIST_KEY_UILaunchScreen_Generation = YES;
				INFOPLIST_KEY_UISupportedInterfaceOrientations_iPad = "UIInterfaceOrientationPortrait UIInterfaceOrientationPortraitUpsideDown UIInterfaceOrientationLandscapeLeft UIInterfaceOrientationLandscapeRight";
				INFOPLIST_KEY_UISupportedInterfaceOrientations_iPhone = "UIInterfaceOrientationPortrait UIInterfaceOrientationLandscapeLeft UIInterfaceOrientationLandscapeRight";
				LD_RUNPATH_SEARCH_PATHS = (
					"$(inherited)",
					"@executable_path/Frameworks",
				);
				LIBRARY_SEARCH_PATHS = (
					"\"$(SRCROOT)/gmFS/Libs/GmSSL\"",
					"$(PROJECT_DIR)/gmFS/Libs/GmSSL",
				);
				MARKETING_VERSION = 1.0;
				PRODUCT_BUNDLE_IDENTIFIER = com.jincai.gmFS;
				PRODUCT_NAME = "$(TARGET_NAME)";
				SWIFT_EMIT_LOC_STRINGS = YES;
				SWIFT_INSTALL_OBJC_HEADER = YES;
				SWIFT_OBJC_BRIDGING_HEADER = "";
				SWIFT_OPTIMIZATION_LEVEL = "-Onone";
				SWIFT_PRECOMPILE_BRIDGING_HEADER = YES;
				SWIFT_VERSION = 5.0;
				TARGETED_DEVICE_FAMILY = "1,2";
			};
			name = Debug;
		};
		086EF7C027BAB0F40089A108 /* Release */ = {
			isa = XCBuildConfiguration;
			buildSettings = {
				ASSETCATALOG_COMPILER_APPICON_NAME = AppIcon;
				ASSETCATALOG_COMPILER_GLOBAL_ACCENT_COLOR_NAME = AccentColor;
				CLANG_ENABLE_MODULES = YES;
				CODE_SIGN_ENTITLEMENTS = gmFS/gmFS.entitlements;
				CODE_SIGN_STYLE = Automatic;
				CURRENT_PROJECT_VERSION = 1;
				DEVELOPMENT_ASSET_PATHS = "\"gmFS/Preview Content\"";
				DEVELOPMENT_TEAM = 659H9V99MR;
				ENABLE_PREVIEWS = YES;
				GENERATE_INFOPLIST_FILE = YES;
				HEADER_SEARCH_PATHS = "\"$(SRCROOT)/gmFS/Libs/GmSSL/include\"";
				INFOPLIST_FILE = gmFS/Info.plist;
				INFOPLIST_KEY_NSCameraUsageDescription = "gmFS想要使用相机";
				INFOPLIST_KEY_UIApplicationSceneManifest_Generation = YES;
				INFOPLIST_KEY_UIApplicationSupportsIndirectInputEvents = YES;
				INFOPLIST_KEY_UILaunchScreen_Generation = YES;
				INFOPLIST_KEY_UISupportedInterfaceOrientations_iPad = "UIInterfaceOrientationPortrait UIInterfaceOrientationPortraitUpsideDown UIInterfaceOrientationLandscapeLeft UIInterfaceOrientationLandscapeRight";
				INFOPLIST_KEY_UISupportedInterfaceOrientations_iPhone = "UIInterfaceOrientationPortrait UIInterfaceOrientationLandscapeLeft UIInterfaceOrientationLandscapeRight";
				LD_RUNPATH_SEARCH_PATHS = (
					"$(inherited)",
					"@executable_path/Frameworks",
				);
				LIBRARY_SEARCH_PATHS = (
					"\"$(SRCROOT)/gmFS/Libs/GmSSL\"",
					"$(PROJECT_DIR)/gmFS/Libs/GmSSL",
				);
				MARKETING_VERSION = 1.0;
				PRODUCT_BUNDLE_IDENTIFIER = com.jincai.gmFS;
				PRODUCT_NAME = "$(TARGET_NAME)";
				SWIFT_EMIT_LOC_STRINGS = YES;
				SWIFT_INSTALL_OBJC_HEADER = YES;
				SWIFT_OBJC_BRIDGING_HEADER = "";
				SWIFT_PRECOMPILE_BRIDGING_HEADER = YES;
				SWIFT_VERSION = 5.0;
				TARGETED_DEVICE_FAMILY = "1,2";
			};
			name = Release;
		};
		086EF7C227BAB0F40089A108 /* Debug */ = {
			isa = XCBuildConfiguration;
			buildSettings = {
				ALWAYS_EMBED_SWIFT_STANDARD_LIBRARIES = YES;
				BUNDLE_LOADER = "$(TEST_HOST)";
				CLANG_ENABLE_MODULES = YES;
				CODE_SIGN_STYLE = Automatic;
				CURRENT_PROJECT_VERSION = 1;
				DEVELOPMENT_TEAM = 659H9V99MR;
				GENERATE_INFOPLIST_FILE = YES;
				HEADER_SEARCH_PATHS = "";
				IPHONEOS_DEPLOYMENT_TARGET = 15.2;
				LD_RUNPATH_SEARCH_PATHS = (
					"$(inherited)",
					"@executable_path/Frameworks",
					"@loader_path/Frameworks",
				);
				LIBRARY_SEARCH_PATHS = "";
				MARKETING_VERSION = 1.0;
				PRODUCT_BUNDLE_IDENTIFIER = com.jincai.gmFSTests;
				PRODUCT_NAME = "$(TARGET_NAME)";
				SWIFT_EMIT_LOC_STRINGS = NO;
				SWIFT_OBJC_BRIDGING_HEADER = "";
				SWIFT_OPTIMIZATION_LEVEL = "-Onone";
				SWIFT_VERSION = 5.0;
				TARGETED_DEVICE_FAMILY = "1,2";
				TEST_HOST = "$(BUILT_PRODUCTS_DIR)/gmFS.app/gmFS";
			};
			name = Debug;
		};
		086EF7C327BAB0F40089A108 /* Release */ = {
			isa = XCBuildConfiguration;
			buildSettings = {
				ALWAYS_EMBED_SWIFT_STANDARD_LIBRARIES = YES;
				BUNDLE_LOADER = "$(TEST_HOST)";
				CLANG_ENABLE_MODULES = YES;
				CODE_SIGN_STYLE = Automatic;
				CURRENT_PROJECT_VERSION = 1;
				DEVELOPMENT_TEAM = 659H9V99MR;
				GENERATE_INFOPLIST_FILE = YES;
				HEADER_SEARCH_PATHS = "";
				IPHONEOS_DEPLOYMENT_TARGET = 15.2;
				LD_RUNPATH_SEARCH_PATHS = (
					"$(inherited)",
					"@executable_path/Frameworks",
					"@loader_path/Frameworks",
				);
				LIBRARY_SEARCH_PATHS = "";
				MARKETING_VERSION = 1.0;
				PRODUCT_BUNDLE_IDENTIFIER = com.jincai.gmFSTests;
				PRODUCT_NAME = "$(TARGET_NAME)";
				SWIFT_EMIT_LOC_STRINGS = NO;
				SWIFT_OBJC_BRIDGING_HEADER = "";
				SWIFT_VERSION = 5.0;
				TARGETED_DEVICE_FAMILY = "1,2";
				TEST_HOST = "$(BUILT_PRODUCTS_DIR)/gmFS.app/gmFS";
			};
			name = Release;
		};
		086EF7C527BAB0F40089A108 /* Debug */ = {
			isa = XCBuildConfiguration;
			buildSettings = {
				ALWAYS_EMBED_SWIFT_STANDARD_LIBRARIES = YES;
				CODE_SIGN_STYLE = Automatic;
				CURRENT_PROJECT_VERSION = 1;
				DEVELOPMENT_TEAM = 659H9V99MR;
				GENERATE_INFOPLIST_FILE = YES;
				MARKETING_VERSION = 1.0;
				PRODUCT_BUNDLE_IDENTIFIER = com.jincai.gmFSUITests;
				PRODUCT_NAME = "$(TARGET_NAME)";
				SWIFT_EMIT_LOC_STRINGS = NO;
				SWIFT_VERSION = 5.0;
				TARGETED_DEVICE_FAMILY = "1,2";
				TEST_TARGET_NAME = gmFS;
			};
			name = Debug;
		};
		086EF7C627BAB0F40089A108 /* Release */ = {
			isa = XCBuildConfiguration;
			buildSettings = {
				ALWAYS_EMBED_SWIFT_STANDARD_LIBRARIES = YES;
				CODE_SIGN_STYLE = Automatic;
				CURRENT_PROJECT_VERSION = 1;
				DEVELOPMENT_TEAM = 659H9V99MR;
				GENERATE_INFOPLIST_FILE = YES;
				MARKETING_VERSION = 1.0;
				PRODUCT_BUNDLE_IDENTIFIER = com.jincai.gmFSUITests;
				PRODUCT_NAME = "$(TARGET_NAME)";
				SWIFT_EMIT_LOC_STRINGS = NO;
				SWIFT_VERSION = 5.0;
				TARGETED_DEVICE_FAMILY = "1,2";
				TEST_TARGET_NAME = gmFS;
			};
			name = Release;
		};
		2BCD31B227BD23D900E9B2B3 /* Debug */ = {
			isa = XCBuildConfiguration;
			buildSettings = {
				ALWAYS_EMBED_SWIFT_STANDARD_LIBRARIES = YES;
				BUNDLE_LOADER = "$(TEST_HOST)";
				CLANG_ENABLE_MODULES = YES;
				"CODE_SIGN_IDENTITY[sdk=macosx*]" = "Apple Development";
				CODE_SIGN_STYLE = Automatic;
				CURRENT_PROJECT_VERSION = 1;
				DEVELOPMENT_TEAM = 659H9V99MR;
				GENERATE_INFOPLIST_FILE = YES;
				HEADER_SEARCH_PATHS = "\"$(SRCROOT)/gmFS/Libs/GmSSL/include\"";
				LD_RUNPATH_SEARCH_PATHS = (
					"$(inherited)",
					"@executable_path/Frameworks",
					"@loader_path/Frameworks",
				);
				LIBRARY_SEARCH_PATHS = "\"$(SRCROOT)/gmFS/Libs/GmSSL\"";
				MARKETING_VERSION = 1.0;
				PRODUCT_BUNDLE_IDENTIFIER = com.jincaitian.GmTests;
				PRODUCT_NAME = "$(TARGET_NAME)";
				SWIFT_EMIT_LOC_STRINGS = NO;
				SWIFT_OPTIMIZATION_LEVEL = "-Onone";
				SWIFT_VERSION = 5.0;
				TARGETED_DEVICE_FAMILY = "1,2";
				TEST_HOST = "$(BUILT_PRODUCTS_DIR)/gmFS.app/gmFS";
			};
			name = Debug;
		};
		2BCD31B327BD23D900E9B2B3 /* Release */ = {
			isa = XCBuildConfiguration;
			buildSettings = {
				ALWAYS_EMBED_SWIFT_STANDARD_LIBRARIES = YES;
				BUNDLE_LOADER = "$(TEST_HOST)";
				CLANG_ENABLE_MODULES = YES;
				"CODE_SIGN_IDENTITY[sdk=macosx*]" = "Apple Development";
				CODE_SIGN_STYLE = Automatic;
				CURRENT_PROJECT_VERSION = 1;
				DEVELOPMENT_TEAM = 659H9V99MR;
				GENERATE_INFOPLIST_FILE = YES;
				HEADER_SEARCH_PATHS = "\"$(SRCROOT)/gmFS/Libs/GmSSL/include\"";
				LD_RUNPATH_SEARCH_PATHS = (
					"$(inherited)",
					"@executable_path/Frameworks",
					"@loader_path/Frameworks",
				);
				LIBRARY_SEARCH_PATHS = "\"$(SRCROOT)/gmFS/Libs/GmSSL\"";
				MARKETING_VERSION = 1.0;
				PRODUCT_BUNDLE_IDENTIFIER = com.jincaitian.GmTests;
				PRODUCT_NAME = "$(TARGET_NAME)";
				SWIFT_EMIT_LOC_STRINGS = NO;
				SWIFT_VERSION = 5.0;
				TARGETED_DEVICE_FAMILY = "1,2";
				TEST_HOST = "$(BUILT_PRODUCTS_DIR)/gmFS.app/gmFS";
			};
			name = Release;
		};
/* End XCBuildConfiguration section */

/* Begin XCConfigurationList section */
		086EF79527BAB0F20089A108 /* Build configuration list for PBXProject "gmFS" */ = {
			isa = XCConfigurationList;
			buildConfigurations = (
				086EF7BC27BAB0F40089A108 /* Debug */,
				086EF7BD27BAB0F40089A108 /* Release */,
			);
			defaultConfigurationIsVisible = 0;
			defaultConfigurationName = Release;
		};
		086EF7BE27BAB0F40089A108 /* Build configuration list for PBXNativeTarget "gmFS" */ = {
			isa = XCConfigurationList;
			buildConfigurations = (
				086EF7BF27BAB0F40089A108 /* Debug */,
				086EF7C027BAB0F40089A108 /* Release */,
			);
			defaultConfigurationIsVisible = 0;
			defaultConfigurationName = Release;
		};
		086EF7C127BAB0F40089A108 /* Build configuration list for PBXNativeTarget "gmFSTests" */ = {
			isa = XCConfigurationList;
			buildConfigurations = (
				086EF7C227BAB0F40089A108 /* Debug */,
				086EF7C327BAB0F40089A108 /* Release */,
			);
			defaultConfigurationIsVisible = 0;
			defaultConfigurationName = Release;
		};
		086EF7C427BAB0F40089A108 /* Build configuration list for PBXNativeTarget "gmFSUITests" */ = {
			isa = XCConfigurationList;
			buildConfigurations = (
				086EF7C527BAB0F40089A108 /* Debug */,
				086EF7C627BAB0F40089A108 /* Release */,
			);
			defaultConfigurationIsVisible = 0;
			defaultConfigurationName = Release;
		};
		2BCD31B127BD23D900E9B2B3 /* Build configuration list for PBXNativeTarget "GmTests" */ = {
			isa = XCConfigurationList;
			buildConfigurations = (
				2BCD31B227BD23D900E9B2B3 /* Debug */,
				2BCD31B327BD23D900E9B2B3 /* Release */,
			);
			defaultConfigurationIsVisible = 0;
			defaultConfigurationName = Release;
		};
/* End XCConfigurationList section */

/* Begin XCRemoteSwiftPackageReference section */
		082D284227C0EF290008A0BB /* XCRemoteSwiftPackageReference "CodeScanner" */ = {
			isa = XCRemoteSwiftPackageReference;
			repositoryURL = "https://github.com/twostraws/CodeScanner";
			requirement = {
				kind = upToNextMajorVersion;
				minimumVersion = 2.0.0;
			};
		};
/* End XCRemoteSwiftPackageReference section */

/* Begin XCSwiftPackageProductDependency section */
		082D284327C0EF290008A0BB /* CodeScanner */ = {
			isa = XCSwiftPackageProductDependency;
			package = 082D284227C0EF290008A0BB /* XCRemoteSwiftPackageReference "CodeScanner" */;
			productName = CodeScanner;
		};
/* End XCSwiftPackageProductDependency section */
	};
	rootObject = 086EF79227BAB0F20089A108 /* Project object */;
}
